
Microsoft Visual Studio Solution File, Format Version 12.00
# Visual Studio Version 16
VisualStudioVersion = 16.0.28803.156
MinimumVisualStudioVersion = 10.0.40219.1
Project("{9A19103F-16F7-4668-BE54-9A1E7A4F7556}") = "PasswordManager.Web", "src\PasswordManager.Web\PasswordManager.Web.csproj", "{B2FBCD4F-2120-4317-AC35-A8F045BE96D8}"
EndProject
Project("{9A19103F-16F7-4668-BE54-9A1E7A4F7556}") = "PasswordManager.Core", "src\PasswordManager.Core\PasswordManager.Core.csproj", "{C96AA7FD-A26F-4CE0-83F0-4A40DE20AC6F}"
EndProject
Project("{2150E333-8FDC-42A3-9474-1A3956D46DE8}") = "src", "src", "{F0E5CB64-3086-41AE-841D-465C295E274E}"
EndProject
Project("{9A19103F-16F7-4668-BE54-9A1E7A4F7556}") = "PasswordManager.Infrastructure", "src\PasswordManager.Infrastructure\PasswordManager.Infrastructure.csproj", "{39197821-EBF7-40B5-B075-AD649F252825}"
EndProject
Project("{9A19103F-16F7-4668-BE54-9A1E7A4F7556}") = "PasswordManager.Application", "src\PasswordManager.Application\PasswordManager.Application.csproj", "{0F90464F-381A-4CD0-AA74-09ED8AACC365}"
EndProject
Project("{2150E333-8FDC-42A3-9474-1A3956D46DE8}") = "test", "test", "{46E293FD-FBBB-4361-9A16-BC8FAFA072E7}"
EndProject
Project("{9A19103F-16F7-4668-BE54-9A1E7A4F7556}") = "PasswordManager.Application.Tests", "test\PasswordManager.Application.Tests\PasswordManager.Application.Tests.csproj", "{167E9B50-124B-493B-8FD2-4B3441B2FBC4}"
EndProject
Project("{9A19103F-16F7-4668-BE54-9A1E7A4F7556}") = "PasswordManager.Bot", "src\PasswordManager.Bot\PasswordManager.Bot.csproj", "{22439BF0-6886-4ED8-A364-65FB1164705B}"
EndProject
Project("{FAE04EC0-301F-11D3-BF4B-00C04F79EFBC}") = "PasswordManager.Common", "src\PasswordManager.Common\PasswordManager.Common.csproj", "{ABE7F0D7-3387-41B9-8F22-BF8A7755832B}"
EndProject
Global
	GlobalSection(SolutionConfigurationPlatforms) = preSolution
		Debug|Any CPU = Debug|Any CPU
		Release|Any CPU = Release|Any CPU
	EndGlobalSection
	GlobalSection(ProjectConfigurationPlatforms) = postSolution
		{B2FBCD4F-2120-4317-AC35-A8F045BE96D8}.Debug|Any CPU.ActiveCfg = Debug|Any CPU
		{B2FBCD4F-2120-4317-AC35-A8F045BE96D8}.Debug|Any CPU.Build.0 = Debug|Any CPU
		{B2FBCD4F-2120-4317-AC35-A8F045BE96D8}.Release|Any CPU.ActiveCfg = Release|Any CPU
		{B2FBCD4F-2120-4317-AC35-A8F045BE96D8}.Release|Any CPU.Build.0 = Release|Any CPU
		{C96AA7FD-A26F-4CE0-83F0-4A40DE20AC6F}.Debug|Any CPU.ActiveCfg = Debug|Any CPU
		{C96AA7FD-A26F-4CE0-83F0-4A40DE20AC6F}.Debug|Any CPU.Build.0 = Debug|Any CPU
		{C96AA7FD-A26F-4CE0-83F0-4A40DE20AC6F}.Release|Any CPU.ActiveCfg = Release|Any CPU
		{C96AA7FD-A26F-4CE0-83F0-4A40DE20AC6F}.Release|Any CPU.Build.0 = Release|Any CPU
		{39197821-EBF7-40B5-B075-AD649F252825}.Debug|Any CPU.ActiveCfg = Debug|Any CPU
		{39197821-EBF7-40B5-B075-AD649F252825}.Debug|Any CPU.Build.0 = Debug|Any CPU
		{39197821-EBF7-40B5-B075-AD649F252825}.Release|Any CPU.ActiveCfg = Release|Any CPU
		{39197821-EBF7-40B5-B075-AD649F252825}.Release|Any CPU.Build.0 = Release|Any CPU
		{0F90464F-381A-4CD0-AA74-09ED8AACC365}.Debug|Any CPU.ActiveCfg = Debug|Any CPU
		{0F90464F-381A-4CD0-AA74-09ED8AACC365}.Debug|Any CPU.Build.0 = Debug|Any CPU
		{0F90464F-381A-4CD0-AA74-09ED8AACC365}.Release|Any CPU.ActiveCfg = Release|Any CPU
		{0F90464F-381A-4CD0-AA74-09ED8AACC365}.Release|Any CPU.Build.0 = Release|Any CPU
		{167E9B50-124B-493B-8FD2-4B3441B2FBC4}.Debug|Any CPU.ActiveCfg = Debug|Any CPU
		{167E9B50-124B-493B-8FD2-4B3441B2FBC4}.Debug|Any CPU.Build.0 = Debug|Any CPU
		{167E9B50-124B-493B-8FD2-4B3441B2FBC4}.Release|Any CPU.ActiveCfg = Release|Any CPU
		{167E9B50-124B-493B-8FD2-4B3441B2FBC4}.Release|Any CPU.Build.0 = Release|Any CPU
		{22439BF0-6886-4ED8-A364-65FB1164705B}.Debug|Any CPU.ActiveCfg = Debug|Any CPU
		{22439BF0-6886-4ED8-A364-65FB1164705B}.Debug|Any CPU.Build.0 = Debug|Any CPU
		{22439BF0-6886-4ED8-A364-65FB1164705B}.Release|Any CPU.ActiveCfg = Release|Any CPU
		{22439BF0-6886-4ED8-A364-65FB1164705B}.Release|Any CPU.Build.0 = Release|Any CPU
		{ABE7F0D7-3387-41B9-8F22-BF8A7755832B}.Debug|Any CPU.ActiveCfg = Debug|Any CPU
		{ABE7F0D7-3387-41B9-8F22-BF8A7755832B}.Debug|Any CPU.Build.0 = Debug|Any CPU
		{ABE7F0D7-3387-41B9-8F22-BF8A7755832B}.Release|Any CPU.ActiveCfg = Release|Any CPU
		{ABE7F0D7-3387-41B9-8F22-BF8A7755832B}.Release|Any CPU.Build.0 = Release|Any CPU
	EndGlobalSection
	GlobalSection(SolutionProperties) = preSolution
		HideSolutionNode = FALSE
	EndGlobalSection
	GlobalSection(NestedProjects) = preSolution
		{B2FBCD4F-2120-4317-AC35-A8F045BE96D8} = {F0E5CB64-3086-41AE-841D-465C295E274E}
		{C96AA7FD-A26F-4CE0-83F0-4A40DE20AC6F} = {F0E5CB64-3086-41AE-841D-465C295E274E}
		{39197821-EBF7-40B5-B075-AD649F252825} = {F0E5CB64-3086-41AE-841D-465C295E274E}
		{0F90464F-381A-4CD0-AA74-09ED8AACC365} = {F0E5CB64-3086-41AE-841D-465C295E274E}
		{167E9B50-124B-493B-8FD2-4B3441B2FBC4} = {46E293FD-FBBB-4361-9A16-BC8FAFA072E7}
		{22439BF0-6886-4ED8-A364-65FB1164705B} = {F0E5CB64-3086-41AE-841D-465C295E274E}
		{ABE7F0D7-3387-41B9-8F22-BF8A7755832B} = {F0E5CB64-3086-41AE-841D-465C295E274E}
	EndGlobalSection
	GlobalSection(ExtensibilityGlobals) = postSolution
		SolutionGuid = {7553976E-48DB-47E8-80C1-9ABDCF3A86FE}
	EndGlobalSection
EndGlobal
